// !$*UTF8*$!
{
	archiveVersion = 1;
	classes = {
	};
	objectVersion = 77;
	objects = {

/* Begin PBXBuildFile section */
		D40AC5A42F0332AD00564AAD /* ViewInspector in Frameworks */ = {isa = PBXBuildFile; productRef = D40AC5A32F0332AD00564AAD /* ViewInspector */; };
		D40AC5B32F03500000564AAD /* Dependencies in Frameworks */ = {isa = PBXBuildFile; productRef = D40AC5B12F03500000564AAD /* Dependencies */; };
		D40AC5B42F03500000564AAD /* Dependencies in Frameworks */ = {isa = PBXBuildFile; productRef = D40AC5B22F03500000564AAD /* Dependencies */; };
		D445F7DE2EFB435900E07F78 /* Clibsodium in Frameworks */ = {isa = PBXBuildFile; productRef = D445F7DD2EFB435900E07F78 /* Clibsodium */; };
		D445F7E02EFB435900E07F78 /* Sodium in Frameworks */ = {isa = PBXBuildFile; productRef = D445F7DF2EFB435900E07F78 /* Sodium */; };
		D49F98D32F2A9E5B00E436A0 /* OpaqueSwift in Frameworks */ = {isa = PBXBuildFile; productRef = D49F98D22F2A9E5B00E436A0 /* OpaqueSwift */; };
		D4SCHEMA012F3000000099999 /* JSONSchema in Frameworks */ = {isa = PBXBuildFile; productRef = D4SCHEMA002F3000000099999 /* JSONSchema */; };
/* End PBXBuildFile section */

/* Begin PBXContainerItemProxy section */
		D445F7A82EF7E94000E07F78 /* PBXContainerItemProxy */ = {
			isa = PBXContainerItemProxy;
			containerPortal = D445F7922EF7E93C00E07F78 /* Project object */;
			proxyType = 1;
			remoteGlobalIDString = D445F7992EF7E93C00E07F78;
			remoteInfo = FamilyMedicalApp;
		};
		D445F7B22EF7E94000E07F78 /* PBXContainerItemProxy */ = {
			isa = PBXContainerItemProxy;
			containerPortal = D445F7922EF7E93C00E07F78 /* Project object */;
			proxyType = 1;
			remoteGlobalIDString = D445F7992EF7E93C00E07F78;
			remoteInfo = FamilyMedicalApp;
		};
/* End PBXContainerItemProxy section */

/* Begin PBXFileReference section */
		D445F79A2EF7E93C00E07F78 /* FamilyMedicalApp.app */ = {isa = PBXFileReference; explicitFileType = wrapper.application; includeInIndex = 0; path = FamilyMedicalApp.app; sourceTree = BUILT_PRODUCTS_DIR; };
		D445F7A72EF7E94000E07F78 /* FamilyMedicalAppTests.xctest */ = {isa = PBXFileReference; explicitFileType = wrapper.cfbundle; includeInIndex = 0; path = FamilyMedicalAppTests.xctest; sourceTree = BUILT_PRODUCTS_DIR; };
		D445F7B12EF7E94000E07F78 /* FamilyMedicalAppUITests.xctest */ = {isa = PBXFileReference; explicitFileType = wrapper.cfbundle; includeInIndex = 0; path = FamilyMedicalAppUITests.xctest; sourceTree = BUILT_PRODUCTS_DIR; };
		D4C508032EFF28D40025FF2B /* FamilyMedicalApp.xctestplan */ = {isa = PBXFileReference; lastKnownFileType = text; path = FamilyMedicalApp.xctestplan; sourceTree = "<group>"; };
/* End PBXFileReference section */

/* Begin PBXFileSystemSynchronizedRootGroup section */
		D445F79C2EF7E93C00E07F78 /* FamilyMedicalApp */ = {
			isa = PBXFileSystemSynchronizedRootGroup;
			path = FamilyMedicalApp;
			sourceTree = "<group>";
		};
		D445F7AA2EF7E94000E07F78 /* FamilyMedicalAppTests */ = {
			isa = PBXFileSystemSynchronizedRootGroup;
			path = FamilyMedicalAppTests;
			sourceTree = "<group>";
		};
		D445F7B42EF7E94000E07F78 /* FamilyMedicalAppUITests */ = {
			isa = PBXFileSystemSynchronizedRootGroup;
			path = FamilyMedicalAppUITests;
			sourceTree = "<group>";
		};
/* End PBXFileSystemSynchronizedRootGroup section */

/* Begin PBXFrameworksBuildPhase section */
		D445F7972EF7E93C00E07F78 /* Frameworks */ = {
			isa = PBXFrameworksBuildPhase;
			buildActionMask = 2147483647;
			files = (
				D40AC5B32F03500000564AAD /* Dependencies in Frameworks */,
				D445F7DE2EFB435900E07F78 /* Clibsodium in Frameworks */,
				D445F7E02EFB435900E07F78 /* Sodium in Frameworks */,
				D49F98D32F2A9E5B00E436A0 /* OpaqueSwift in Frameworks */,
				D4SCHEMA012F3000000099999 /* JSONSchema in Frameworks */,
			);
			runOnlyForDeploymentPostprocessing = 0;
		};
		D445F7A42EF7E94000E07F78 /* Frameworks */ = {
			isa = PBXFrameworksBuildPhase;
			buildActionMask = 2147483647;
			files = (
				D40AC5B42F03500000564AAD /* Dependencies in Frameworks */,
				D40AC5A42F0332AD00564AAD /* ViewInspector in Frameworks */,
			);
			runOnlyForDeploymentPostprocessing = 0;
		};
		D445F7AE2EF7E94000E07F78 /* Frameworks */ = {
			isa = PBXFrameworksBuildPhase;
			buildActionMask = 2147483647;
			files = (
			);
			runOnlyForDeploymentPostprocessing = 0;
		};
/* End PBXFrameworksBuildPhase section */

/* Begin PBXGroup section */
		D445F7912EF7E93C00E07F78 = {
			isa = PBXGroup;
			children = (
				D4C508032EFF28D40025FF2B /* FamilyMedicalApp.xctestplan */,
				D445F79C2EF7E93C00E07F78 /* FamilyMedicalApp */,
				D445F7AA2EF7E94000E07F78 /* FamilyMedicalAppTests */,
				D445F7B42EF7E94000E07F78 /* FamilyMedicalAppUITests */,
				D445F79B2EF7E93C00E07F78 /* Products */,
			);
			sourceTree = "<group>";
		};
		D445F79B2EF7E93C00E07F78 /* Products */ = {
			isa = PBXGroup;
			children = (
				D445F79A2EF7E93C00E07F78 /* FamilyMedicalApp.app */,
				D445F7A72EF7E94000E07F78 /* FamilyMedicalAppTests.xctest */,
				D445F7B12EF7E94000E07F78 /* FamilyMedicalAppUITests.xctest */,
			);
			name = Products;
			sourceTree = "<group>";
		};
/* End PBXGroup section */

/* Begin PBXNativeTarget section */
		D445F7992EF7E93C00E07F78 /* FamilyMedicalApp */ = {
			isa = PBXNativeTarget;
			buildConfigurationList = D445F7BB2EF7E94000E07F78 /* Build configuration list for PBXNativeTarget "FamilyMedicalApp" */;
			buildPhases = (
				D445F7962EF7E93C00E07F78 /* Sources */,
				D445F7972EF7E93C00E07F78 /* Frameworks */,
				D445F7982EF7E93C00E07F78 /* Resources */,
			);
			buildRules = (
			);
			dependencies = (
			);
			fileSystemSynchronizedGroups = (
				D445F79C2EF7E93C00E07F78 /* FamilyMedicalApp */,
			);
			name = FamilyMedicalApp;
			packageProductDependencies = (
				D40AC5B12F03500000564AAD /* Dependencies */,
				D445F7DD2EFB435900E07F78 /* Clibsodium */,
				D445F7DF2EFB435900E07F78 /* Sodium */,
				D49F98D22F2A9E5B00E436A0 /* OpaqueSwift */,
				D4SCHEMA002F3000000099999 /* JSONSchema */,
			);
			productName = FamilyMedicalApp;
			productReference = D445F79A2EF7E93C00E07F78 /* FamilyMedicalApp.app */;
			productType = "com.apple.product-type.application";
		};
		D445F7A62EF7E94000E07F78 /* FamilyMedicalAppTests */ = {
			isa = PBXNativeTarget;
			buildConfigurationList = D445F7BE2EF7E94000E07F78 /* Build configuration list for PBXNativeTarget "FamilyMedicalAppTests" */;
			buildPhases = (
				D445F7A32EF7E94000E07F78 /* Sources */,
				D445F7A42EF7E94000E07F78 /* Frameworks */,
				D445F7A52EF7E94000E07F78 /* Resources */,
			);
			buildRules = (
			);
			dependencies = (
				D445F7A92EF7E94000E07F78 /* PBXTargetDependency */,
			);
			fileSystemSynchronizedGroups = (
				D445F7AA2EF7E94000E07F78 /* FamilyMedicalAppTests */,
			);
			name = FamilyMedicalAppTests;
			packageProductDependencies = (
				D40AC5B22F03500000564AAD /* Dependencies */,
				D40AC5A32F0332AD00564AAD /* ViewInspector */,
			);
			productName = FamilyMedicalAppTests;
			productReference = D445F7A72EF7E94000E07F78 /* FamilyMedicalAppTests.xctest */;
			productType = "com.apple.product-type.bundle.unit-test";
		};
		D445F7B02EF7E94000E07F78 /* FamilyMedicalAppUITests */ = {
			isa = PBXNativeTarget;
			buildConfigurationList = D445F7C12EF7E94000E07F78 /* Build configuration list for PBXNativeTarget "FamilyMedicalAppUITests" */;
			buildPhases = (
				D445F7AD2EF7E94000E07F78 /* Sources */,
				D445F7AE2EF7E94000E07F78 /* Frameworks */,
				D445F7AF2EF7E94000E07F78 /* Resources */,
			);
			buildRules = (
			);
			dependencies = (
				D445F7B32EF7E94000E07F78 /* PBXTargetDependency */,
			);
			fileSystemSynchronizedGroups = (
				D445F7B42EF7E94000E07F78 /* FamilyMedicalAppUITests */,
			);
			name = FamilyMedicalAppUITests;
			packageProductDependencies = (
			);
			productName = FamilyMedicalAppUITests;
			productReference = D445F7B12EF7E94000E07F78 /* FamilyMedicalAppUITests.xctest */;
			productType = "com.apple.product-type.bundle.ui-testing";
		};
/* End PBXNativeTarget section */

/* Begin PBXProject section */
		D445F7922EF7E93C00E07F78 /* Project object */ = {
			isa = PBXProject;
			attributes = {
				BuildIndependentTargetsInParallel = 1;
				LastSwiftUpdateCheck = 2620;
				LastUpgradeCheck = 2620;
				TargetAttributes = {
					D445F7992EF7E93C00E07F78 = {
						CreatedOnToolsVersion = 26.2;
					};
					D445F7A62EF7E94000E07F78 = {
						CreatedOnToolsVersion = 26.2;
						TestTargetID = D445F7992EF7E93C00E07F78;
					};
					D445F7B02EF7E94000E07F78 = {
						CreatedOnToolsVersion = 26.2;
						TestTargetID = D445F7992EF7E93C00E07F78;
					};
				};
			};
			buildConfigurationList = D445F7952EF7E93C00E07F78 /* Build configuration list for PBXProject "FamilyMedicalApp" */;
			developmentRegion = en;
			hasScannedForEncodings = 0;
			knownRegions = (
				en,
				Base,
			);
			mainGroup = D445F7912EF7E93C00E07F78;
			minimizedProjectReferenceProxies = 1;
			packageReferences = (
				D40AC5B02F03500000564AAD /* XCRemoteSwiftPackageReference "swift-dependencies" */,
				D445F7DC2EFB435900E07F78 /* XCRemoteSwiftPackageReference "swift-sodium" */,
				D40AC5A22F0332AD00564AAD /* XCRemoteSwiftPackageReference "ViewInspector" */,
				D49F98D12F2A9E5B00E436A0 /* XCLocalSwiftPackageReference "../../opaque-swift" */,
				D4SCHEMA032F3000000099999 /* XCRemoteSwiftPackageReference "swift-json-schema" */,
			);
			preferredProjectObjectVersion = 77;
			productRefGroup = D445F79B2EF7E93C00E07F78 /* Products */;
			projectDirPath = "";
			projectRoot = "";
			targets = (
				D445F7992EF7E93C00E07F78 /* FamilyMedicalApp */,
				D445F7A62EF7E94000E07F78 /* FamilyMedicalAppTests */,
				D445F7B02EF7E94000E07F78 /* FamilyMedicalAppUITests */,
			);
		};
/* End PBXProject section */

/* Begin PBXResourcesBuildPhase section */
		D445F7982EF7E93C00E07F78 /* Resources */ = {
			isa = PBXResourcesBuildPhase;
			buildActionMask = 2147483647;
			files = (
			);
			runOnlyForDeploymentPostprocessing = 0;
		};
		D445F7A52EF7E94000E07F78 /* Resources */ = {
			isa = PBXResourcesBuildPhase;
			buildActionMask = 2147483647;
			files = (
			);
			runOnlyForDeploymentPostprocessing = 0;
		};
		D445F7AF2EF7E94000E07F78 /* Resources */ = {
			isa = PBXResourcesBuildPhase;
			buildActionMask = 2147483647;
			files = (
			);
			runOnlyForDeploymentPostprocessing = 0;
		};
/* End PBXResourcesBuildPhase section */

/* Begin PBXSourcesBuildPhase section */
		D445F7962EF7E93C00E07F78 /* Sources */ = {
			isa = PBXSourcesBuildPhase;
			buildActionMask = 2147483647;
			files = (
			);
			runOnlyForDeploymentPostprocessing = 0;
		};
		D445F7A32EF7E94000E07F78 /* Sources */ = {
			isa = PBXSourcesBuildPhase;
			buildActionMask = 2147483647;
			files = (
			);
			runOnlyForDeploymentPostprocessing = 0;
		};
		D445F7AD2EF7E94000E07F78 /* Sources */ = {
			isa = PBXSourcesBuildPhase;
			buildActionMask = 2147483647;
			files = (
			);
			runOnlyForDeploymentPostprocessing = 0;
		};
/* End PBXSourcesBuildPhase section */

/* Begin PBXTargetDependency section */
		D445F7A92EF7E94000E07F78 /* PBXTargetDependency */ = {
			isa = PBXTargetDependency;
			target = D445F7992EF7E93C00E07F78 /* FamilyMedicalApp */;
			targetProxy = D445F7A82EF7E94000E07F78 /* PBXContainerItemProxy */;
		};
		D445F7B32EF7E94000E07F78 /* PBXTargetDependency */ = {
			isa = PBXTargetDependency;
			target = D445F7992EF7E93C00E07F78 /* FamilyMedicalApp */;
			targetProxy = D445F7B22EF7E94000E07F78 /* PBXContainerItemProxy */;
		};
/* End PBXTargetDependency section */

/* Begin XCBuildConfiguration section */
		D445F7B92EF7E94000E07F78 /* Debug */ = {
			isa = XCBuildConfiguration;
			buildSettings = {
				ALWAYS_SEARCH_USER_PATHS = NO;
				ASSETCATALOG_COMPILER_GENERATE_SWIFT_ASSET_SYMBOL_EXTENSIONS = YES;
				CLANG_ANALYZER_NONNULL = YES;
				CLANG_ANALYZER_NUMBER_OBJECT_CONVERSION = YES_AGGRESSIVE;
				CLANG_CXX_LANGUAGE_STANDARD = "gnu++20";
				CLANG_ENABLE_MODULES = YES;
				CLANG_ENABLE_OBJC_ARC = YES;
				CLANG_ENABLE_OBJC_WEAK = YES;
				CLANG_WARN_BLOCK_CAPTURE_AUTORELEASING = YES;
				CLANG_WARN_BOOL_CONVERSION = YES;
				CLANG_WARN_COMMA = YES;
				CLANG_WARN_CONSTANT_CONVERSION = YES;
				CLANG_WARN_DEPRECATED_OBJC_IMPLEMENTATIONS = YES;
				CLANG_WARN_DIRECT_OBJC_ISA_USAGE = YES_ERROR;
				CLANG_WARN_DOCUMENTATION_COMMENTS = YES;
				CLANG_WARN_EMPTY_BODY = YES;
				CLANG_WARN_ENUM_CONVERSION = YES;
				CLANG_WARN_INFINITE_RECURSION = YES;
				CLANG_WARN_INT_CONVERSION = YES;
				CLANG_WARN_NON_LITERAL_NULL_CONVERSION = YES;
				CLANG_WARN_OBJC_IMPLICIT_RETAIN_SELF = YES;
				CLANG_WARN_OBJC_LITERAL_CONVERSION = YES;
				CLANG_WARN_OBJC_ROOT_CLASS = YES_ERROR;
				CLANG_WARN_QUOTED_INCLUDE_IN_FRAMEWORK_HEADER = YES;
				CLANG_WARN_RANGE_LOOP_ANALYSIS = YES;
				CLANG_WARN_STRICT_PROTOTYPES = YES;
				CLANG_WARN_SUSPICIOUS_MOVE = YES;
				CLANG_WARN_UNGUARDED_AVAILABILITY = YES_AGGRESSIVE;
				CLANG_WARN_UNREACHABLE_CODE = YES;
				CLANG_WARN__DUPLICATE_METHOD_MATCH = YES;
				COPY_PHASE_STRIP = NO;
				DEBUG_INFORMATION_FORMAT = dwarf;
				DEVELOPMENT_TEAM = BU7526J4QY;
				ENABLE_STRICT_OBJC_MSGSEND = YES;
				ENABLE_TESTABILITY = YES;
				ENABLE_USER_SCRIPT_SANDBOXING = YES;
				GCC_C_LANGUAGE_STANDARD = gnu17;
				GCC_DYNAMIC_NO_PIC = NO;
				GCC_NO_COMMON_BLOCKS = YES;
				GCC_OPTIMIZATION_LEVEL = 0;
				GCC_PREPROCESSOR_DEFINITIONS = (
					"DEBUG=1",
					"$(inherited)",
				);
				GCC_WARN_64_TO_32_BIT_CONVERSION = YES;
				GCC_WARN_ABOUT_RETURN_TYPE = YES_ERROR;
				GCC_WARN_UNDECLARED_SELECTOR = YES;
				GCC_WARN_UNINITIALIZED_AUTOS = YES_AGGRESSIVE;
				GCC_WARN_UNUSED_FUNCTION = YES;
				GCC_WARN_UNUSED_VARIABLE = YES;
				IPHONEOS_DEPLOYMENT_TARGET = 17.6;
				LOCALIZATION_PREFERS_STRING_CATALOGS = YES;
				MTL_ENABLE_DEBUG_INFO = INCLUDE_SOURCE;
				MTL_FAST_MATH = YES;
				ONLY_ACTIVE_ARCH = YES;
				SDKROOT = iphoneos;
				SWIFT_ACTIVE_COMPILATION_CONDITIONS = "DEBUG $(inherited)";
				SWIFT_OPTIMIZATION_LEVEL = "-Onone";
			};
			name = Debug;
		};
		D445F7BA2EF7E94000E07F78 /* Release */ = {
			isa = XCBuildConfiguration;
			buildSettings = {
				ALWAYS_SEARCH_USER_PATHS = NO;
				ASSETCATALOG_COMPILER_GENERATE_SWIFT_ASSET_SYMBOL_EXTENSIONS = YES;
				CLANG_ANALYZER_NONNULL = YES;
				CLANG_ANALYZER_NUMBER_OBJECT_CONVERSION = YES_AGGRESSIVE;
				CLANG_CXX_LANGUAGE_STANDARD = "gnu++20";
				CLANG_ENABLE_MODULES = YES;
				CLANG_ENABLE_OBJC_ARC = YES;
				CLANG_ENABLE_OBJC_WEAK = YES;
				CLANG_WARN_BLOCK_CAPTURE_AUTORELEASING = YES;
				CLANG_WARN_BOOL_CONVERSION = YES;
				CLANG_WARN_COMMA = YES;
				CLANG_WARN_CONSTANT_CONVERSION = YES;
				CLANG_WARN_DEPRECATED_OBJC_IMPLEMENTATIONS = YES;
				CLANG_WARN_DIRECT_OBJC_ISA_USAGE = YES_ERROR;
				CLANG_WARN_DOCUMENTATION_COMMENTS = YES;
				CLANG_WARN_EMPTY_BODY = YES;
				CLANG_WARN_ENUM_CONVERSION = YES;
				CLANG_WARN_INFINITE_RECURSION = YES;
				CLANG_WARN_INT_CONVERSION = YES;
				CLANG_WARN_NON_LITERAL_NULL_CONVERSION = YES;
				CLANG_WARN_OBJC_IMPLICIT_RETAIN_SELF = YES;
				CLANG_WARN_OBJC_LITERAL_CONVERSION = YES;
				CLANG_WARN_OBJC_ROOT_CLASS = YES_ERROR;
				CLANG_WARN_QUOTED_INCLUDE_IN_FRAMEWORK_HEADER = YES;
				CLANG_WARN_RANGE_LOOP_ANALYSIS = YES;
				CLANG_WARN_STRICT_PROTOTYPES = YES;
				CLANG_WARN_SUSPICIOUS_MOVE = YES;
				CLANG_WARN_UNGUARDED_AVAILABILITY = YES_AGGRESSIVE;
				CLANG_WARN_UNREACHABLE_CODE = YES;
				CLANG_WARN__DUPLICATE_METHOD_MATCH = YES;
				COPY_PHASE_STRIP = NO;
				DEBUG_INFORMATION_FORMAT = "dwarf-with-dsym";
				DEVELOPMENT_TEAM = BU7526J4QY;
				ENABLE_NS_ASSERTIONS = NO;
				ENABLE_STRICT_OBJC_MSGSEND = YES;
				ENABLE_USER_SCRIPT_SANDBOXING = YES;
				GCC_C_LANGUAGE_STANDARD = gnu17;
				GCC_NO_COMMON_BLOCKS = YES;
				GCC_WARN_64_TO_32_BIT_CONVERSION = YES;
				GCC_WARN_ABOUT_RETURN_TYPE = YES_ERROR;
				GCC_WARN_UNDECLARED_SELECTOR = YES;
				GCC_WARN_UNINITIALIZED_AUTOS = YES_AGGRESSIVE;
				GCC_WARN_UNUSED_FUNCTION = YES;
				GCC_WARN_UNUSED_VARIABLE = YES;
				IPHONEOS_DEPLOYMENT_TARGET = 17.6;
				LOCALIZATION_PREFERS_STRING_CATALOGS = YES;
				MTL_ENABLE_DEBUG_INFO = NO;
				MTL_FAST_MATH = YES;
				SDKROOT = iphoneos;
				SWIFT_COMPILATION_MODE = wholemodule;
				VALIDATE_PRODUCT = YES;
			};
			name = Release;
		};
		D445F7BC2EF7E94000E07F78 /* Debug */ = {
			isa = XCBuildConfiguration;
			buildSettings = {
				ASSETCATALOG_COMPILER_APPICON_NAME = AppIcon;
				ASSETCATALOG_COMPILER_GLOBAL_ACCENT_COLOR_NAME = AccentColor;
				CODE_SIGN_ENTITLEMENTS = FamilyMedicalApp/FamilyMedicalApp.entitlements;
				CODE_SIGN_STYLE = Automatic;
				CURRENT_PROJECT_VERSION = 1;
				DEVELOPMENT_TEAM = BU7526J4QY;
				ENABLE_PREVIEWS = YES;
				GENERATE_INFOPLIST_FILE = YES;
				INFOPLIST_FILE = Info.plist;
				INFOPLIST_KEY_CFBundleIconName = AppIcon;
				INFOPLIST_KEY_LSApplicationCategoryType = "public.app-category.medical";
				INFOPLIST_KEY_NSFaceIDUsageDescription = "Family Medical uses Face ID to quickly and securely unlock your medical records.";
				INFOPLIST_KEY_UIApplicationSceneManifest_Generation = YES;
				INFOPLIST_KEY_UIApplicationSupportsIndirectInputEvents = YES;
				INFOPLIST_KEY_UILaunchScreen_Generation = YES;
				INFOPLIST_KEY_UIRequiresFullScreen = YES;
				INFOPLIST_KEY_UISupportedInterfaceOrientations = UIInterfaceOrientationPortrait;
				INFOPLIST_KEY_UISupportedInterfaceOrientations_iPad = "UIInterfaceOrientationPortrait UIInterfaceOrientationPortraitUpsideDown";
				IPHONEOS_DEPLOYMENT_TARGET = 17.6;
				LD_RUNPATH_SEARCH_PATHS = (
					"$(inherited)",
					"@executable_path/Frameworks",
				);
				MARKETING_VERSION = 1.0;
				PRODUCT_BUNDLE_IDENTIFIER = com.cynexia.FamilyMedicalApp;
				PRODUCT_NAME = "$(TARGET_NAME)";
				STRING_CATALOG_GENERATE_SYMBOLS = YES;
				SUPPORTED_PLATFORMS = "iphoneos iphonesimulator";
				SUPPORTS_MACCATALYST = NO;
				SUPPORTS_MAC_DESIGNED_FOR_IPHONE_IPAD = NO;
				SUPPORTS_XR_DESIGNED_FOR_IPHONE_IPAD = NO;
				SWIFT_APPROACHABLE_CONCURRENCY = YES;
				SWIFT_EMIT_LOC_STRINGS = YES;
				SWIFT_UPCOMING_FEATURE_MEMBER_IMPORT_VISIBILITY = YES;
				SWIFT_VERSION = 6.0;
				TARGETED_DEVICE_FAMILY = "1,2";
			};
			name = Debug;
		};
		D445F7BD2EF7E94000E07F78 /* Release */ = {
			isa = XCBuildConfiguration;
			buildSettings = {
				ASSETCATALOG_COMPILER_APPICON_NAME = AppIcon;
				ASSETCATALOG_COMPILER_GLOBAL_ACCENT_COLOR_NAME = AccentColor;
				CODE_SIGN_ENTITLEMENTS = FamilyMedicalApp/FamilyMedicalApp.entitlements;
				CODE_SIGN_STYLE = Automatic;
				CURRENT_PROJECT_VERSION = 1;
				DEVELOPMENT_TEAM = BU7526J4QY;
				ENABLE_PREVIEWS = YES;
				GENERATE_INFOPLIST_FILE = YES;
				INFOPLIST_FILE = Info.plist;
				INFOPLIST_KEY_CFBundleIconName = AppIcon;
				INFOPLIST_KEY_LSApplicationCategoryType = "public.app-category.medical";
				INFOPLIST_KEY_NSFaceIDUsageDescription = "Family Medical uses Face ID to quickly and securely unlock your medical records.";
				INFOPLIST_KEY_UIApplicationSceneManifest_Generation = YES;
				INFOPLIST_KEY_UIApplicationSupportsIndirectInputEvents = YES;
				INFOPLIST_KEY_UILaunchScreen_Generation = YES;
				INFOPLIST_KEY_UIRequiresFullScreen = YES;
				INFOPLIST_KEY_UISupportedInterfaceOrientations = UIInterfaceOrientationPortrait;
				INFOPLIST_KEY_UISupportedInterfaceOrientations_iPad = "UIInterfaceOrientationPortrait UIInterfaceOrientationPortraitUpsideDown";
				IPHONEOS_DEPLOYMENT_TARGET = 17.6;
				LD_RUNPATH_SEARCH_PATHS = (
					"$(inherited)",
					"@executable_path/Frameworks",
				);
				MARKETING_VERSION = 1.0;
				PRODUCT_BUNDLE_IDENTIFIER = com.cynexia.FamilyMedicalApp;
				PRODUCT_NAME = "$(TARGET_NAME)";
				STRING_CATALOG_GENERATE_SYMBOLS = YES;
				SUPPORTED_PLATFORMS = "iphoneos iphonesimulator";
				SUPPORTS_MACCATALYST = NO;
				SUPPORTS_MAC_DESIGNED_FOR_IPHONE_IPAD = NO;
				SUPPORTS_XR_DESIGNED_FOR_IPHONE_IPAD = NO;
				SWIFT_APPROACHABLE_CONCURRENCY = YES;
				SWIFT_EMIT_LOC_STRINGS = YES;
				SWIFT_UPCOMING_FEATURE_MEMBER_IMPORT_VISIBILITY = YES;
				SWIFT_VERSION = 6.0;
				TARGETED_DEVICE_FAMILY = "1,2";
			};
			name = Release;
		};
		D445F7BF2EF7E94000E07F78 /* Debug */ = {
			isa = XCBuildConfiguration;
			buildSettings = {
				BUNDLE_LOADER = "$(TEST_HOST)";
				CODE_SIGN_STYLE = Automatic;
				CURRENT_PROJECT_VERSION = 1;
				DEVELOPMENT_TEAM = BU7526J4QY;
				GENERATE_INFOPLIST_FILE = YES;
				IPHONEOS_DEPLOYMENT_TARGET = 17.6;
				MARKETING_VERSION = 1.0;
				PRODUCT_BUNDLE_IDENTIFIER = com.cynexia.FamilyMedicalAppTests;
				PRODUCT_NAME = "$(TARGET_NAME)";
				STRING_CATALOG_GENERATE_SYMBOLS = NO;
				SUPPORTED_PLATFORMS = "iphoneos iphonesimulator";
				SUPPORTS_MACCATALYST = NO;
				SUPPORTS_MAC_DESIGNED_FOR_IPHONE_IPAD = NO;
				SUPPORTS_XR_DESIGNED_FOR_IPHONE_IPAD = NO;
				SWIFT_APPROACHABLE_CONCURRENCY = YES;
				SWIFT_EMIT_LOC_STRINGS = NO;
				SWIFT_UPCOMING_FEATURE_MEMBER_IMPORT_VISIBILITY = YES;
				SWIFT_VERSION = 6.0;
				TARGETED_DEVICE_FAMILY = "1,2";
				TEST_HOST = "$(BUILT_PRODUCTS_DIR)/FamilyMedicalApp.app/$(BUNDLE_EXECUTABLE_FOLDER_PATH)/FamilyMedicalApp";
			};
			name = Debug;
		};
		D445F7C02EF7E94000E07F78 /* Release */ = {
			isa = XCBuildConfiguration;
			buildSettings = {
				BUNDLE_LOADER = "$(TEST_HOST)";
				CODE_SIGN_STYLE = Automatic;
				CURRENT_PROJECT_VERSION = 1;
				DEVELOPMENT_TEAM = BU7526J4QY;
				GENERATE_INFOPLIST_FILE = YES;
				IPHONEOS_DEPLOYMENT_TARGET = 17.6;
				MARKETING_VERSION = 1.0;
				PRODUCT_BUNDLE_IDENTIFIER = com.cynexia.FamilyMedicalAppTests;
				PRODUCT_NAME = "$(TARGET_NAME)";
				STRING_CATALOG_GENERATE_SYMBOLS = NO;
				SUPPORTED_PLATFORMS = "iphoneos iphonesimulator";
				SUPPORTS_MACCATALYST = NO;
				SUPPORTS_MAC_DESIGNED_FOR_IPHONE_IPAD = NO;
				SUPPORTS_XR_DESIGNED_FOR_IPHONE_IPAD = NO;
				SWIFT_APPROACHABLE_CONCURRENCY = YES;
				SWIFT_EMIT_LOC_STRINGS = NO;
				SWIFT_UPCOMING_FEATURE_MEMBER_IMPORT_VISIBILITY = YES;
				SWIFT_VERSION = 6.0;
				TARGETED_DEVICE_FAMILY = "1,2";
				TEST_HOST = "$(BUILT_PRODUCTS_DIR)/FamilyMedicalApp.app/$(BUNDLE_EXECUTABLE_FOLDER_PATH)/FamilyMedicalApp";
			};
			name = Release;
		};
		D445F7C22EF7E94000E07F78 /* Debug */ = {
			isa = XCBuildConfiguration;
			buildSettings = {
				CODE_SIGN_STYLE = Automatic;
				CURRENT_PROJECT_VERSION = 1;
				DEVELOPMENT_TEAM = BU7526J4QY;
				GENERATE_INFOPLIST_FILE = YES;
				MARKETING_VERSION = 1.0;
				PRODUCT_BUNDLE_IDENTIFIER = com.cynexia.FamilyMedicalAppUITests;
				PRODUCT_NAME = "$(TARGET_NAME)";
				STRING_CATALOG_GENERATE_SYMBOLS = NO;
				SUPPORTED_PLATFORMS = "iphoneos iphonesimulator";
				SUPPORTS_MACCATALYST = NO;
				SUPPORTS_MAC_DESIGNED_FOR_IPHONE_IPAD = NO;
				SUPPORTS_XR_DESIGNED_FOR_IPHONE_IPAD = NO;
				SWIFT_APPROACHABLE_CONCURRENCY = YES;
				SWIFT_EMIT_LOC_STRINGS = NO;
				SWIFT_UPCOMING_FEATURE_MEMBER_IMPORT_VISIBILITY = YES;
				SWIFT_VERSION = 6.0;
				TARGETED_DEVICE_FAMILY = "1,2";
				TEST_TARGET_NAME = FamilyMedicalApp;
			};
			name = Debug;
		};
		D445F7C32EF7E94000E07F78 /* Release */ = {
			isa = XCBuildConfiguration;
			buildSettings = {
				CODE_SIGN_STYLE = Automatic;
				CURRENT_PROJECT_VERSION = 1;
				DEVELOPMENT_TEAM = BU7526J4QY;
				GENERATE_INFOPLIST_FILE = YES;
				MARKETING_VERSION = 1.0;
				PRODUCT_BUNDLE_IDENTIFIER = com.cynexia.FamilyMedicalAppUITests;
				PRODUCT_NAME = "$(TARGET_NAME)";
				STRING_CATALOG_GENERATE_SYMBOLS = NO;
				SUPPORTED_PLATFORMS = "iphoneos iphonesimulator";
				SUPPORTS_MACCATALYST = NO;
				SUPPORTS_MAC_DESIGNED_FOR_IPHONE_IPAD = NO;
				SUPPORTS_XR_DESIGNED_FOR_IPHONE_IPAD = NO;
				SWIFT_APPROACHABLE_CONCURRENCY = YES;
				SWIFT_EMIT_LOC_STRINGS = NO;
				SWIFT_UPCOMING_FEATURE_MEMBER_IMPORT_VISIBILITY = YES;
				SWIFT_VERSION = 6.0;
				TARGETED_DEVICE_FAMILY = "1,2";
				TEST_TARGET_NAME = FamilyMedicalApp;
			};
			name = Release;
		};
/* End XCBuildConfiguration section */

/* Begin XCConfigurationList section */
		D445F7952EF7E93C00E07F78 /* Build configuration list for PBXProject "FamilyMedicalApp" */ = {
			isa = XCConfigurationList;
			buildConfigurations = (
				D445F7B92EF7E94000E07F78 /* Debug */,
				D445F7BA2EF7E94000E07F78 /* Release */,
			);
			defaultConfigurationIsVisible = 0;
			defaultConfigurationName = Release;
		};
		D445F7BB2EF7E94000E07F78 /* Build configuration list for PBXNativeTarget "FamilyMedicalApp" */ = {
			isa = XCConfigurationList;
			buildConfigurations = (
				D445F7BC2EF7E94000E07F78 /* Debug */,
				D445F7BD2EF7E94000E07F78 /* Release */,
			);
			defaultConfigurationIsVisible = 0;
			defaultConfigurationName = Release;
		};
		D445F7BE2EF7E94000E07F78 /* Build configuration list for PBXNativeTarget "FamilyMedicalAppTests" */ = {
			isa = XCConfigurationList;
			buildConfigurations = (
				D445F7BF2EF7E94000E07F78 /* Debug */,
				D445F7C02EF7E94000E07F78 /* Release */,
			);
			defaultConfigurationIsVisible = 0;
			defaultConfigurationName = Release;
		};
		D445F7C12EF7E94000E07F78 /* Build configuration list for PBXNativeTarget "FamilyMedicalAppUITests" */ = {
			isa = XCConfigurationList;
			buildConfigurations = (
				D445F7C22EF7E94000E07F78 /* Debug */,
				D445F7C32EF7E94000E07F78 /* Release */,
			);
			defaultConfigurationIsVisible = 0;
			defaultConfigurationName = Release;
		};
/* End XCConfigurationList section */

/* Begin XCLocalSwiftPackageReference section */
		D49F98D12F2A9E5B00E436A0 /* XCLocalSwiftPackageReference "../../opaque-swift" */ = {
			isa = XCLocalSwiftPackageReference;
			relativePath = "../../opaque-swift";
		};
/* End XCLocalSwiftPackageReference section */

/* Begin XCRemoteSwiftPackageReference section */
		D40AC5A22F0332AD00564AAD /* XCRemoteSwiftPackageReference "ViewInspector" */ = {
			isa = XCRemoteSwiftPackageReference;
			repositoryURL = "https://github.com/nalexn/ViewInspector";
			requirement = {
				kind = upToNextMajorVersion;
				minimumVersion = 0.10.3;
			};
		};
		D40AC5B02F03500000564AAD /* XCRemoteSwiftPackageReference "swift-dependencies" */ = {
			isa = XCRemoteSwiftPackageReference;
			repositoryURL = "https://github.com/pointfreeco/swift-dependencies";
			requirement = {
				kind = upToNextMajorVersion;
				minimumVersion = 1.0.0;
			};
		};
		D445F7DC2EFB435900E07F78 /* XCRemoteSwiftPackageReference "swift-sodium" */ = {
			isa = XCRemoteSwiftPackageReference;
			repositoryURL = "https://github.com/jedisct1/swift-sodium.git";
			requirement = {
				kind = upToNextMajorVersion;
				minimumVersion = 0.9.1;
			};
		};
		D4SCHEMA032F3000000099999 /* XCRemoteSwiftPackageReference "swift-json-schema" */ = {
			isa = XCRemoteSwiftPackageReference;
			repositoryURL = "https://github.com/ajevans99/swift-json-schema";
			requirement = {
				kind = upToNextMajorVersion;
				minimumVersion = 0.2.1;
			};
		};
/* End XCRemoteSwiftPackageReference section */

/* Begin XCSwiftPackageProductDependency section */
		D40AC5A32F0332AD00564AAD /* ViewInspector */ = {
			isa = XCSwiftPackageProductDependency;
			package = D40AC5A22F0332AD00564AAD /* XCRemoteSwiftPackageReference "ViewInspector" */;
			productName = ViewInspector;
		};
		D40AC5B12F03500000564AAD /* Dependencies */ = {
			isa = XCSwiftPackageProductDependency;
			package = D40AC5B02F03500000564AAD /* XCRemoteSwiftPackageReference "swift-dependencies" */;
			productName = Dependencies;
		};
		D40AC5B22F03500000564AAD /* Dependencies */ = {
			isa = XCSwiftPackageProductDependency;
			package = D40AC5B02F03500000564AAD /* XCRemoteSwiftPackageReference "swift-dependencies" */;
			productName = Dependencies;
		};
		D445F7DD2EFB435900E07F78 /* Clibsodium */ = {
			isa = XCSwiftPackageProductDependency;
			package = D445F7DC2EFB435900E07F78 /* XCRemoteSwiftPackageReference "swift-sodium" */;
			productName = Clibsodium;
		};
		D445F7DF2EFB435900E07F78 /* Sodium */ = {
			isa = XCSwiftPackageProductDependency;
			package = D445F7DC2EFB435900E07F78 /* XCRemoteSwiftPackageReference "swift-sodium" */;
			productName = Sodium;
		};
		D49F98D22F2A9E5B00E436A0 /* OpaqueSwift */ = {
			isa = XCSwiftPackageProductDependency;
			productName = OpaqueSwift;
		};
		D4SCHEMA002F3000000099999 /* JSONSchema */ = {
			isa = XCSwiftPackageProductDependency;
			package = D4SCHEMA032F3000000099999 /* XCRemoteSwiftPackageReference "swift-json-schema" */;
			productName = JSONSchema;
		};
/* End XCSwiftPackageProductDependency section */
	};
	rootObject = D445F7922EF7E93C00E07F78 /* Project object */;
}
